
Microsoft Visual Studio Solution File, Format Version 12.00
# Visual Studio 14
VisualStudioVersion = 14.0.24720.0
MinimumVisualStudioVersion = 10.0.40219.1
Project("{FAE04EC0-301F-11D3-BF4B-00C04F79EFBC}") = "Netfluid.Dns", "Netfluid.Dns.csproj", "{316796BD-C268-4182-9E79-9F85E91F67FA}"
EndProject
Project("{FAE04EC0-301F-11D3-BF4B-00C04F79EFBC}") = "Example", "Example\Example.csproj", "{4A02B8B1-EDC9-4412-900D-0503CD2984C9}"
EndProject
Global
	GlobalSection(SolutionConfigurationPlatforms) = preSolution
		Debug|Any CPU = Debug|Any CPU
		Release|Any CPU = Release|Any CPU
	EndGlobalSection
	GlobalSection(ProjectConfigurationPlatforms) = postSolution
		{316796BD-C268-4182-9E79-9F85E91F67FA}.Debug|Any CPU.ActiveCfg = Debug|Any CPU
		{316796BD-C268-4182-9E79-9F85E91F67FA}.Debug|Any CPU.Build.0 = Debug|Any CPU
		{316796BD-C268-4182-9E79-9F85E91F67FA}.Release|Any CPU.ActiveCfg = Release|Any CPU
		{316796BD-C268-4182-9E79-9F85E91F67FA}.Release|Any CPU.Build.0 = Release|Any CPU
		{4A02B8B1-EDC9-4412-900D-0503CD2984C9}.Debug|Any CPU.ActiveCfg = Debug|Any CPU
		{4A02B8B1-EDC9-4412-900D-0503CD2984C9}.Debug|Any CPU.Build.0 = Debug|Any CPU
		{4A02B8B1-EDC9-4412-900D-0503CD2984C9}.Release|Any CPU.ActiveCfg = Release|Any CPU
		{4A02B8B1-EDC9-4412-900D-0503CD2984C9}.Release|Any CPU.Build.0 = Release|Any CPU
	EndGlobalSection
	GlobalSection(SolutionProperties) = preSolution
		HideSolutionNode = FALSE
	EndGlobalSection
EndGlobal
